// !$*UTF8*$!
{
	archiveVersion = 1;
	classes = {
	};
	objectVersion = 46;
	objects = {

/* Begin PBXBuildFile section */
		83CF06201D12127000200000 /* main.m in Sources */ = {isa = PBXBuildFile; fileRef = 83CF061F1D12127000200000 /* main.m */; };
		83CF06231D12127000200000 /* AppDelegate.m in Sources */ = {isa = PBXBuildFile; fileRef = 83CF06221D12127000200000 /* AppDelegate.m */; };
		83CF06261D12127000200000 /* MasterViewController.m in Sources */ = {isa = PBXBuildFile; fileRef = 83CF06251D12127000200000 /* MasterViewController.m */; };
		83CF06291D12127000200000 /* DetailViewController.m in Sources */ = {isa = PBXBuildFile; fileRef = 83CF06281D12127000200000 /* DetailViewController.m */; };
		83CF062C1D12127000200000 /* Main.storyboard in Resources */ = {isa = PBXBuildFile; fileRef = 83CF062A1D12127000200000 /* Main.storyboard */; };
		83CF062E1D12127000200000 /* Assets.xcassets in Resources */ = {isa = PBXBuildFile; fileRef = 83CF062D1D12127000200000 /* Assets.xcassets */; };
		83CF06311D12127000200000 /* LaunchScreen.storyboard in Resources */ = {isa = PBXBuildFile; fileRef = 83CF062F1D12127000200000 /* LaunchScreen.storyboard */; };
		83CF063C1D12127000200000 /* dimarzioppTests.m in Sources */ = {isa = PBXBuildFile; fileRef = 83CF063B1D12127000200000 /* dimarzioppTests.m */; };
		83CF06471D12127000200000 /* dimarzioppUITests.m in Sources */ = {isa = PBXBuildFile; fileRef = 83CF06461D12127000200000 /* dimarzioppUITests.m */; };
/* End PBXBuildFile section */

/* Begin PBXContainerItemProxy section */
		83CF06381D12127000200000 /* PBXContainerItemProxy */ = {
			isa = PBXContainerItemProxy;
			containerPortal = 83CF06131D12127000200000 /* Project object */;
			proxyType = 1;
			remoteGlobalIDString = 83CF061A1D12127000200000;
			remoteInfo = dimarziopp1;
		};
		83CF06431D12127000200000 /* PBXContainerItemProxy */ = {
			isa = PBXContainerItemProxy;
			containerPortal = 83CF06131D12127000200000 /* Project object */;
			proxyType = 1;
			remoteGlobalIDString = 83CF061A1D12127000200000;
			remoteInfo = dimarziopp1;
		};
/* End PBXContainerItemProxy section */

/* Begin PBXFileReference section */
		83CF061B1D12127000200000 /* dimarziopp.app */ = {isa = PBXFileReference; explicitFileType = wrapper.application; includeInIndex = 0; path = dimarziopp.app; sourceTree = BUILT_PRODUCTS_DIR; };
		83CF061F1D12127000200000 /* main.m */ = {isa = PBXFileReference; lastKnownFileType = sourcecode.c.objc; path = main.m; sourceTree = "<group>"; };
		83CF06211D12127000200000 /* AppDelegate.h */ = {isa = PBXFileReference; lastKnownFileType = sourcecode.c.h; path = AppDelegate.h; sourceTree = "<group>"; };
		83CF06221D12127000200000 /* AppDelegate.m */ = {isa = PBXFileReference; lastKnownFileType = sourcecode.c.objc; path = AppDelegate.m; sourceTree = "<group>"; };
		83CF06241D12127000200000 /* MasterViewController.h */ = {isa = PBXFileReference; lastKnownFileType = sourcecode.c.h; path = MasterViewController.h; sourceTree = "<group>"; };
		83CF06251D12127000200000 /* MasterViewController.m */ = {isa = PBXFileReference; lastKnownFileType = sourcecode.c.objc; path = MasterViewController.m; sourceTree = "<group>"; };
		83CF06271D12127000200000 /* DetailViewController.h */ = {isa = PBXFileReference; lastKnownFileType = sourcecode.c.h; path = DetailViewController.h; sourceTree = "<group>"; };
		83CF06281D12127000200000 /* DetailViewController.m */ = {isa = PBXFileReference; lastKnownFileType = sourcecode.c.objc; path = DetailViewController.m; sourceTree = "<group>"; };
		83CF062B1D12127000200000 /* Base */ = {isa = PBXFileReference; lastKnownFileType = file.storyboard; name = Base; path = Base.lproj/Main.storyboard; sourceTree = "<group>"; };
		83CF062D1D12127000200000 /* Assets.xcassets */ = {isa = PBXFileReference; lastKnownFileType = folder.assetcatalog; path = Assets.xcassets; sourceTree = "<group>"; };
		83CF06301D12127000200000 /* Base */ = {isa = PBXFileReference; lastKnownFileType = file.storyboard; name = Base; path = Base.lproj/LaunchScreen.storyboard; sourceTree = "<group>"; };
		83CF06321D12127000200000 /* Info.plist */ = {isa = PBXFileReference; lastKnownFileType = text.plist.xml; path = Info.plist; sourceTree = "<group>"; };
		83CF06371D12127000200000 /* dimarziopp.xctest */ = {isa = PBXFileReference; explicitFileType = wrapper.cfbundle; includeInIndex = 0; path = dimarziopp.xctest; sourceTree = BUILT_PRODUCTS_DIR; };
		83CF063B1D12127000200000 /* dimarzioppTests.m */ = {isa = PBXFileReference; lastKnownFileType = sourcecode.c.objc; path = dimarzioppTests.m; sourceTree = "<group>"; };
		83CF063D1D12127000200000 /* Info.plist */ = {isa = PBXFileReference; lastKnownFileType = text.plist.xml; path = Info.plist; sourceTree = "<group>"; };
		83CF06421D12127000200000 /* dimarziopp.xctest */ = {isa = PBXFileReference; explicitFileType = wrapper.cfbundle; includeInIndex = 0; path = dimarziopp.xctest; sourceTree = BUILT_PRODUCTS_DIR; };
		83CF06461D12127000200000 /* dimarzioppUITests.m */ = {isa = PBXFileReference; lastKnownFileType = sourcecode.c.objc; path = dimarzioppUITests.m; sourceTree = "<group>"; };
		83CF06481D12127000200000 /* Info.plist */ = {isa = PBXFileReference; lastKnownFileType = text.plist.xml; path = Info.plist; sourceTree = "<group>"; };
/* End PBXFileReference section */

/* Begin PBXFrameworksBuildPhase section */
		83CF06181D12127000200000 /* Frameworks */ = {
			isa = PBXFrameworksBuildPhase;
			buildActionMask = 2147483647;
			files = (
			);
			runOnlyForDeploymentPostprocessing = 0;
		};
		83CF06341D12127000200000 /* Frameworks */ = {
			isa = PBXFrameworksBuildPhase;
			buildActionMask = 2147483647;
			files = (
			);
			runOnlyForDeploymentPostprocessing = 0;
		};
		83CF063F1D12127000200000 /* Frameworks */ = {
			isa = PBXFrameworksBuildPhase;
			buildActionMask = 2147483647;
			files = (
			);
			runOnlyForDeploymentPostprocessing = 0;
		};
/* End PBXFrameworksBuildPhase section */

/* Begin PBXGroup section */
		83CF06121D12127000200000 = {
			isa = PBXGroup;
			children = (
				83CF061D1D12127000200000 /* dimarziopp */,
				83CF063A1D12127000200000 /* dimarzioppTests */,
				83CF06451D12127000200000 /* dimarzioppUITests */,
				83CF061C1D12127000200000 /* Products */,
			);
			sourceTree = "<group>";
		};
		83CF061C1D12127000200000 /* Products */ = {
			isa = PBXGroup;
			children = (
				83CF061B1D12127000200000 /* dimarziopp.app */,
				83CF06371D12127000200000 /* dimarziopp.xctest */,
				83CF06421D12127000200000 /* dimarziopp.xctest */,
			);
			name = Products;
			sourceTree = "<group>";
		};
		83CF061D1D12127000200000 /* dimarziopp */ = {
			isa = PBXGroup;
			children = (
				83CF06211D12127000200000 /* AppDelegate.h */,
				83CF06221D12127000200000 /* AppDelegate.m */,
				83CF06241D12127000200000 /* MasterViewController.h */,
				83CF06251D12127000200000 /* MasterViewController.m */,
				83CF06271D12127000200000 /* DetailViewController.h */,
				83CF06281D12127000200000 /* DetailViewController.m */,
				83CF062A1D12127000200000 /* Main.storyboard */,
				83CF062D1D12127000200000 /* Assets.xcassets */,
				83CF062F1D12127000200000 /* LaunchScreen.storyboard */,
				83CF06321D12127000200000 /* Info.plist */,
				83CF061E1D12127000200000 /* Supporting Files */,
			);
			name = dimarziopp;
			path = dimarziopp1;
			sourceTree = "<group>";
		};
		83CF061E1D12127000200000 /* Supporting Files */ = {
			isa = PBXGroup;
			children = (
				83CF061F1D12127000200000 /* main.m */,
			);
			name = "Supporting Files";
			sourceTree = "<group>";
		};
		83CF063A1D12127000200000 /* dimarzioppTests */ = {
			isa = PBXGroup;
			children = (
				83CF063B1D12127000200000 /* dimarzioppTests.m */,
				83CF063D1D12127000200000 /* Info.plist */,
			);
			name = dimarzioppTests;
			path = dimarziopp1Tests;
			sourceTree = "<group>";
		};
		83CF06451D12127000200000 /* dimarzioppUITests */ = {
			isa = PBXGroup;
			children = (
				83CF06461D12127000200000 /* dimarzioppUITests.m */,
				83CF06481D12127000200000 /* Info.plist */,
			);
			name = dimarzioppUITests;
			path = dimarziopp1UITests;
			sourceTree = "<group>";
		};
/* End PBXGroup section */

/* Begin PBXNativeTarget section */
		83CF061A1D12127000200000 /* dimarziopp */ = {
			isa = PBXNativeTarget;
			buildConfigurationList = 83CF064B1D12127000200000 /* Build configuration list for PBXNativeTarget "dimarziopp" */;
			buildPhases = (
				83CF06171D12127000200000 /* Sources */,
				83CF06181D12127000200000 /* Frameworks */,
				83CF06191D12127000200000 /* Resources */,
			);
			buildRules = (
			);
			dependencies = (
			);
			name = dimarziopp;
			productName = dimarziopp1;
			productReference = 83CF061B1D12127000200000 /* dimarziopp.app */;
			productType = "com.apple.product-type.application";
		};
		83CF06361D12127000200000 /* dimarzioppTests */ = {
			isa = PBXNativeTarget;
			buildConfigurationList = 83CF064E1D12127000200000 /* Build configuration list for PBXNativeTarget "dimarzioppTests" */;
			buildPhases = (
				83CF06331D12127000200000 /* Sources */,
				83CF06341D12127000200000 /* Frameworks */,
				83CF06351D12127000200000 /* Resources */,
			);
			buildRules = (
			);
			dependencies = (
				83CF06391D12127000200000 /* PBXTargetDependency */,
			);
			name = dimarzioppTests;
			productName = dimarziopp1Tests;
			productReference = 83CF06371D12127000200000 /* dimarziopp.xctest */;
			productType = "com.apple.product-type.bundle.unit-test";
		};
		83CF06411D12127000200000 /* dimarzioppUITests */ = {
			isa = PBXNativeTarget;
			buildConfigurationList = 83CF06511D12127000200000 /* Build configuration list for PBXNativeTarget "dimarzioppUITests" */;
			buildPhases = (
				83CF063E1D12127000200000 /* Sources */,
				83CF063F1D12127000200000 /* Frameworks */,
				83CF06401D12127000200000 /* Resources */,
			);
			buildRules = (
			);
			dependencies = (
				83CF06441D12127000200000 /* PBXTargetDependency */,
			);
			name = dimarzioppUITests;
			productName = dimarziopp1UITests;
			productReference = 83CF06421D12127000200000 /* dimarziopp.xctest */;
			productType = "com.apple.product-type.bundle.ui-testing";
		};
/* End PBXNativeTarget section */

/* Begin PBXProject section */
		83CF06131D12127000200000 /* Project object */ = {
			isa = PBXProject;
			attributes = {
				LastUpgradeCheck = 0730;
				ORGANIZATIONNAME = "Harrison Ching";
				TargetAttributes = {
					83CF061A1D12127000200000 = {
						CreatedOnToolsVersion = 7.3.1;
						DevelopmentTeam = VE42DM72Q5;
					};
					83CF06361D12127000200000 = {
						CreatedOnToolsVersion = 7.3.1;
						TestTargetID = 83CF061A1D12127000200000;
					};
					83CF06411D12127000200000 = {
						CreatedOnToolsVersion = 7.3.1;
						TestTargetID = 83CF061A1D12127000200000;
					};
				};
			};
			buildConfigurationList = 83CF06161D12127000200000 /* Build configuration list for PBXProject "dimarziopp" */;
			compatibilityVersion = "Xcode 3.2";
			developmentRegion = English;
			hasScannedForEncodings = 0;
			knownRegions = (
				en,
				Base,
			);
			mainGroup = 83CF06121D12127000200000;
			productRefGroup = 83CF061C1D12127000200000 /* Products */;
			projectDirPath = "";
			projectRoot = "";
			targets = (
				83CF061A1D12127000200000 /* dimarziopp */,
				83CF06361D12127000200000 /* dimarzioppTests */,
				83CF06411D12127000200000 /* dimarzioppUITests */,
			);
		};
/* End PBXProject section */

/* Begin PBXResourcesBuildPhase section */
		83CF06191D12127000200000 /* Resources */ = {
			isa = PBXResourcesBuildPhase;
			buildActionMask = 2147483647;
			files = (
				83CF06311D12127000200000 /* LaunchScreen.storyboard in Resources */,
				83CF062E1D12127000200000 /* Assets.xcassets in Resources */,
				83CF062C1D12127000200000 /* Main.storyboard in Resources */,
			);
			runOnlyForDeploymentPostprocessing = 0;
		};
		83CF06351D12127000200000 /* Resources */ = {
			isa = PBXResourcesBuildPhase;
			buildActionMask = 2147483647;
			files = (
			);
			runOnlyForDeploymentPostprocessing = 0;
		};
		83CF06401D12127000200000 /* Resources */ = {
			isa = PBXResourcesBuildPhase;
			buildActionMask = 2147483647;
			files = (
			);
			runOnlyForDeploymentPostprocessing = 0;
		};
/* End PBXResourcesBuildPhase section */

/* Begin PBXSourcesBuildPhase section */
		83CF06171D12127000200000 /* Sources */ = {
			isa = PBXSourcesBuildPhase;
			buildActionMask = 2147483647;
			files = (
				83CF06231D12127000200000 /* AppDelegate.m in Sources */,
				83CF06261D12127000200000 /* MasterViewController.m in Sources */,
				83CF06201D12127000200000 /* main.m in Sources */,
				83CF06291D12127000200000 /* DetailViewController.m in Sources */,
			);
			runOnlyForDeploymentPostprocessing = 0;
		};
		83CF06331D12127000200000 /* Sources */ = {
			isa = PBXSourcesBuildPhase;
			buildActionMask = 2147483647;
			files = (
				83CF063C1D12127000200000 /* dimarzioppTests.m in Sources */,
			);
			runOnlyForDeploymentPostprocessing = 0;
		};
		83CF063E1D12127000200000 /* Sources */ = {
			isa = PBXSourcesBuildPhase;
			buildActionMask = 2147483647;
			files = (
				83CF06471D12127000200000 /* dimarzioppUITests.m in Sources */,
			);
			runOnlyForDeploymentPostprocessing = 0;
		};
/* End PBXSourcesBuildPhase section */

/* Begin PBXTargetDependency section */
		83CF06391D12127000200000 /* PBXTargetDependency */ = {
			isa = PBXTargetDependency;
			target = 83CF061A1D12127000200000 /* dimarziopp */;
			targetProxy = 83CF06381D12127000200000 /* PBXContainerItemProxy */;
		};
		83CF06441D12127000200000 /* PBXTargetDependency */ = {
			isa = PBXTargetDependency;
			target = 83CF061A1D12127000200000 /* dimarziopp */;
			targetProxy = 83CF06431D12127000200000 /* PBXContainerItemProxy */;
		};
/* End PBXTargetDependency section */

/* Begin PBXVariantGroup section */
		83CF062A1D12127000200000 /* Main.storyboard */ = {
			isa = PBXVariantGroup;
			children = (
				83CF062B1D12127000200000 /* Base */,
			);
			name = Main.storyboard;
			sourceTree = "<group>";
		};
		83CF062F1D12127000200000 /* LaunchScreen.storyboard */ = {
			isa = PBXVariantGroup;
			children = (
				83CF06301D12127000200000 /* Base */,
			);
			name = LaunchScreen.storyboard;
			sourceTree = "<group>";
		};
/* End PBXVariantGroup section */

/* Begin XCBuildConfiguration section */
		83CF06491D12127000200000 /* Debug */ = {
			isa = XCBuildConfiguration;
			buildSettings = {
				ALWAYS_SEARCH_USER_PATHS = NO;
				CLANG_ANALYZER_NONNULL = YES;
				CLANG_CXX_LANGUAGE_STANDARD = "gnu++0x";
				CLANG_CXX_LIBRARY = "libc++";
				CLANG_ENABLE_MODULES = YES;
				CLANG_ENABLE_OBJC_ARC = YES;
				CLANG_WARN_BOOL_CONVERSION = YES;
				CLANG_WARN_CONSTANT_CONVERSION = YES;
				CLANG_WARN_DIRECT_OBJC_ISA_USAGE = YES_ERROR;
				CLANG_WARN_EMPTY_BODY = YES;
				CLANG_WARN_ENUM_CONVERSION = YES;
				CLANG_WARN_INT_CONVERSION = YES;
				CLANG_WARN_OBJC_ROOT_CLASS = YES_ERROR;
				CLANG_WARN_UNREACHABLE_CODE = YES;
				CLANG_WARN__DUPLICATE_METHOD_MATCH = YES;
				"CODE_SIGN_IDENTITY[sdk=iphoneos*]" = "iPhone Developer";
				COPY_PHASE_STRIP = NO;
				DEBUG_INFORMATION_FORMAT = dwarf;
				ENABLE_STRICT_OBJC_MSGSEND = YES;
				ENABLE_TESTABILITY = YES;
				GCC_C_LANGUAGE_STANDARD = gnu99;
				GCC_DYNAMIC_NO_PIC = NO;
				GCC_NO_COMMON_BLOCKS = YES;
				GCC_OPTIMIZATION_LEVEL = 0;
				GCC_PREPROCESSOR_DEFINITIONS = (
					"DEBUG=1",
					"$(inherited)",
				);
				GCC_WARN_64_TO_32_BIT_CONVERSION = YES;
				GCC_WARN_ABOUT_RETURN_TYPE = YES_ERROR;
				GCC_WARN_UNDECLARED_SELECTOR = YES;
				GCC_WARN_UNINITIALIZED_AUTOS = YES_AGGRESSIVE;
				GCC_WARN_UNUSED_FUNCTION = YES;
				GCC_WARN_UNUSED_VARIABLE = YES;
				IPHONEOS_DEPLOYMENT_TARGET = 9.3;
				MTL_ENABLE_DEBUG_INFO = YES;
				ONLY_ACTIVE_ARCH = YES;
				SDKROOT = iphoneos;
				TARGETED_DEVICE_FAMILY = "1,2";
			};
			name = Debug;
		};
		83CF064A1D12127000200000 /* Release */ = {
			isa = XCBuildConfiguration;
			buildSettings = {
				ALWAYS_SEARCH_USER_PATHS = NO;
				CLANG_ANALYZER_NONNULL = YES;
				CLANG_CXX_LANGUAGE_STANDARD = "gnu++0x";
				CLANG_CXX_LIBRARY = "libc++";
				CLANG_ENABLE_MODULES = YES;
				CLANG_ENABLE_OBJC_ARC = YES;
				CLANG_WARN_BOOL_CONVERSION = YES;
				CLANG_WARN_CONSTANT_CONVERSION = YES;
				CLANG_WARN_DIRECT_OBJC_ISA_USAGE = YES_ERROR;
				CLANG_WARN_EMPTY_BODY = YES;
				CLANG_WARN_ENUM_CONVERSION = YES;
				CLANG_WARN_INT_CONVERSION = YES;
				CLANG_WARN_OBJC_ROOT_CLASS = YES_ERROR;
				CLANG_WARN_UNREACHABLE_CODE = YES;
				CLANG_WARN__DUPLICATE_METHOD_MATCH = YES;
				"CODE_SIGN_IDENTITY[sdk=iphoneos*]" = "iPhone Developer";
				COPY_PHASE_STRIP = NO;
				DEBUG_INFORMATION_FORMAT = "dwarf-with-dsym";
				ENABLE_NS_ASSERTIONS = NO;
				ENABLE_STRICT_OBJC_MSGSEND = YES;
				GCC_C_LANGUAGE_STANDARD = gnu99;
				GCC_NO_COMMON_BLOCKS = YES;
				GCC_WARN_64_TO_32_BIT_CONVERSION = YES;
				GCC_WARN_ABOUT_RETURN_TYPE = YES_ERROR;
				GCC_WARN_UNDECLARED_SELECTOR = YES;
				GCC_WARN_UNINITIALIZED_AUTOS = YES_AGGRESSIVE;
				GCC_WARN_UNUSED_FUNCTION = YES;
				GCC_WARN_UNUSED_VARIABLE = YES;
				IPHONEOS_DEPLOYMENT_TARGET = 9.3;
				MTL_ENABLE_DEBUG_INFO = NO;
				SDKROOT = iphoneos;
				TARGETED_DEVICE_FAMILY = "1,2";
				VALIDATE_PRODUCT = YES;
			};
			name = Release;
		};
		83CF064C1D12127000200000 /* Debug */ = {
			isa = XCBuildConfiguration;
			buildSettings = {
				ASSETCATALOG_COMPILER_APPICON_NAME = AppIcon;
				CODE_SIGN_IDENTITY = "iPhone Developer";
				"CODE_SIGN_IDENTITY[sdk=iphoneos*]" = "iPhone Developer";
				INFOPLIST_FILE = dimarziopp1/Info.plist;
				LD_RUNPATH_SEARCH_PATHS = "$(inherited) @executable_path/Frameworks";
				PRODUCT_BUNDLE_IDENTIFIER = com.hc.dimarziopp;
				PRODUCT_NAME = dimarziopp;
				PROVISIONING_PROFILE = "";
			};
			name = Debug;
		};
		83CF064D1D12127000200000 /* Release */ = {
			isa = XCBuildConfiguration;
			buildSettings = {
				ASSETCATALOG_COMPILER_APPICON_NAME = AppIcon;
				CODE_SIGN_IDENTITY = "iPhone Developer";
				"CODE_SIGN_IDENTITY[sdk=iphoneos*]" = "iPhone Developer";
				INFOPLIST_FILE = dimarziopp1/Info.plist;
				LD_RUNPATH_SEARCH_PATHS = "$(inherited) @executable_path/Frameworks";
				PRODUCT_BUNDLE_IDENTIFIER = com.hc.dimarziopp;
				PRODUCT_NAME = dimarziopp;
				PROVISIONING_PROFILE = "";
			};
			name = Release;
		};
		83CF064F1D12127000200000 /* Debug */ = {
			isa = XCBuildConfiguration;
			buildSettings = {
				BUNDLE_LOADER = "$(TEST_HOST)";
				INFOPLIST_FILE = dimarziopp1Tests/Info.plist;
				LD_RUNPATH_SEARCH_PATHS = "$(inherited) @executable_path/Frameworks @loader_path/Frameworks";
				PRODUCT_BUNDLE_IDENTIFIER = com.hc.dimarziopp1Tests;
				PRODUCT_NAME = dimarziopp;
				TEST_HOST = "$(BUILT_PRODUCTS_DIR)/dimarziopp.app/dimarziopp";
			};
			name = Debug;
		};
		83CF06501D12127000200000 /* Release */ = {
			isa = XCBuildConfiguration;
			buildSettings = {
				BUNDLE_LOADER = "$(TEST_HOST)";
				INFOPLIST_FILE = dimarziopp1Tests/Info.plist;
				LD_RUNPATH_SEARCH_PATHS = "$(inherited) @executable_path/Frameworks @loader_path/Frameworks";
				PRODUCT_BUNDLE_IDENTIFIER = com.hc.dimarziopp1Tests;
				PRODUCT_NAME = dimarziopp;
				TEST_HOST = "$(BUILT_PRODUCTS_DIR)/dimarziopp.app/dimarziopp";
			};
			name = Release;
		};
		83CF06521D12127000200000 /* Debug */ = {
			isa = XCBuildConfiguration;
			buildSettings = {
				INFOPLIST_FILE = dimarziopp1UITests/Info.plist;
				LD_RUNPATH_SEARCH_PATHS = "$(inherited) @executable_path/Frameworks @loader_path/Frameworks";
				PRODUCT_BUNDLE_IDENTIFIER = com.hc.dimarziopp1UITests;
				PRODUCT_NAME = dimarziopp;
				TEST_TARGET_NAME = dimarziopp1;
			};
			name = Debug;
		};
		83CF06531D12127000200000 /* Release */ = {
			isa = XCBuildConfiguration;
			buildSettings = {
				INFOPLIST_FILE = dimarziopp1UITests/Info.plist;
				LD_RUNPATH_SEARCH_PATHS = "$(inherited) @executable_path/Frameworks @loader_path/Frameworks";
				PRODUCT_BUNDLE_IDENTIFIER = com.hc.dimarziopp1UITests;
				PRODUCT_NAME = dimarziopp;
				TEST_TARGET_NAME = dimarziopp1;
			};
			name = Release;
		};
/* End XCBuildConfiguration section */

/* Begin XCConfigurationList section */
		83CF06161D12127000200000 /* Build configuration list for PBXProject "dimarziopp" */ = {
			isa = XCConfigurationList;
			buildConfigurations = (
				83CF06491D12127000200000 /* Debug */,
				83CF064A1D12127000200000 /* Release */,
			);
			defaultConfigurationIsVisible = 0;
			defaultConfigurationName = Release;
		};
		83CF064B1D12127000200000 /* Build configuration list for PBXNativeTarget "dimarziopp" */ = {
			isa = XCConfigurationList;
			buildConfigurations = (
				83CF064C1D12127000200000 /* Debug */,
				83CF064D1D12127000200000 /* Release */,
			);
			defaultConfigurationIsVisible = 0;
			defaultConfigurationName = Release;
		};
		83CF064E1D12127000200000 /* Build configuration list for PBXNativeTarget "dimarzioppTests" */ = {
			isa = XCConfigurationList;
			buildConfigurations = (
				83CF064F1D12127000200000 /* Debug */,
				83CF06501D12127000200000 /* Release */,
			);
			defaultConfigurationIsVisible = 0;
			defaultConfigurationName = Release;
		};
		83CF06511D12127000200000 /* Build configuration list for PBXNativeTarget "dimarzioppUITests" */ = {
			isa = XCConfigurationList;
			buildConfigurations = (
				83CF06521D12127000200000 /* Debug */,
				83CF06531D12127000200000 /* Release */,
			);
			defaultConfigurationIsVisible = 0;
			defaultConfigurationName = Release;
		};
/* End XCConfigurationList section */
	};
	rootObject = 83CF06131D12127000200000 /* Project object */;
}
